
Microsoft Visual Studio Solution File, Format Version 12.00
# Visual Studio Version 17
VisualStudioVersion = 17.11.35303.130
MinimumVisualStudioVersion = 10.0.40219.1
Project("{FAE04EC0-301F-11D3-BF4B-00C04F79EFBC}") = "klasaStringVjezba03", "klasaStringVjezba03\klasaStringVjezba03.csproj", "{CF12183D-6F1B-4726-B092-E3386B6BE14B}"
EndProject
Global
	GlobalSection(SolutionConfigurationPlatforms) = preSolution
		Debug|Any CPU = Debug|Any CPU
		Release|Any CPU = Release|Any CPU
	EndGlobalSection
	GlobalSection(ProjectConfigurationPlatforms) = postSolution
		{CF12183D-6F1B-4726-B092-E3386B6BE14B}.Debug|Any CPU.ActiveCfg = Debug|Any CPU
		{CF12183D-6F1B-4726-B092-E3386B6BE14B}.Debug|Any CPU.Build.0 = Debug|Any CPU
		{CF12183D-6F1B-4726-B092-E3386B6BE14B}.Release|Any CPU.ActiveCfg = Release|Any CPU
		{CF12183D-6F1B-4726-B092-E3386B6BE14B}.Release|Any CPU.Build.0 = Release|Any CPU
	EndGlobalSection
	GlobalSection(SolutionProperties) = preSolution
		HideSolutionNode = FALSE
	EndGlobalSection
	GlobalSection(ExtensibilityGlobals) = postSolution
		SolutionGuid = {A0EE27C4-3911-4C64-B251-C263C10B080E}
	EndGlobalSection
EndGlobal
